
Microsoft Visual Studio Solution File, Format Version 12.00
# Visual Studio Version 17
VisualStudioVersion = 17.1.32407.343
MinimumVisualStudioVersion = 10.0.40219.1
Project("{9A19103F-16F7-4668-BE54-9A1E7A4F7556}") = "DiscordBot", "DiscordBot\DiscordBot.csproj", "{59A12B4A-A6D7-4769-AE83-6527E7B653E7}"
EndProject
Project("{9A19103F-16F7-4668-BE54-9A1E7A4F7556}") = "TelegramBot", "TelegramBot\TelegramBot.csproj", "{C0C8B142-A9E6-43EA-9FC6-490FAF6B9970}"
EndProject
Project("{9A19103F-16F7-4668-BE54-9A1E7A4F7556}") = "RequestsHandler", "RequestsHandler\RequestsHandler.csproj", "{AF34FFB9-FFE5-4761-A5E0-2B7335B35DF2}"
EndProject
Project("{9A19103F-16F7-4668-BE54-9A1E7A4F7556}") = "HardwareDriver", "HardwareDriver\HardwareDriver.csproj", "{4AA26272-4098-4606-9BEB-DD0D0D7D0D18}"
EndProject
Project("{9A19103F-16F7-4668-BE54-9A1E7A4F7556}") = "Cortana", "Cortana\Cortana.csproj", "{8A8D9B6F-869B-42C3-B8A2-4646C3B27286}"
EndProject
Global
	GlobalSection(SolutionConfigurationPlatforms) = preSolution
		Debug|Any CPU = Debug|Any CPU
		Debug|ARM = Debug|ARM
		Debug|ARM64 = Debug|ARM64
		Debug|x64 = Debug|x64
		Debug|x86 = Debug|x86
		Release|Any CPU = Release|Any CPU
		Release|ARM = Release|ARM
		Release|ARM64 = Release|ARM64
		Release|x64 = Release|x64
		Release|x86 = Release|x86
	EndGlobalSection
	GlobalSection(ProjectConfigurationPlatforms) = postSolution
		{59A12B4A-A6D7-4769-AE83-6527E7B653E7}.Debug|Any CPU.ActiveCfg = Debug|Any CPU
		{59A12B4A-A6D7-4769-AE83-6527E7B653E7}.Debug|Any CPU.Build.0 = Debug|Any CPU
		{59A12B4A-A6D7-4769-AE83-6527E7B653E7}.Debug|ARM.ActiveCfg = Debug|Any CPU
		{59A12B4A-A6D7-4769-AE83-6527E7B653E7}.Debug|ARM.Build.0 = Debug|Any CPU
		{59A12B4A-A6D7-4769-AE83-6527E7B653E7}.Debug|ARM64.ActiveCfg = Debug|Any CPU
		{59A12B4A-A6D7-4769-AE83-6527E7B653E7}.Debug|ARM64.Build.0 = Debug|Any CPU
		{59A12B4A-A6D7-4769-AE83-6527E7B653E7}.Debug|x64.ActiveCfg = Debug|Any CPU
		{59A12B4A-A6D7-4769-AE83-6527E7B653E7}.Debug|x64.Build.0 = Debug|Any CPU
		{59A12B4A-A6D7-4769-AE83-6527E7B653E7}.Debug|x86.ActiveCfg = Debug|Any CPU
		{59A12B4A-A6D7-4769-AE83-6527E7B653E7}.Debug|x86.Build.0 = Debug|Any CPU
		{59A12B4A-A6D7-4769-AE83-6527E7B653E7}.Release|Any CPU.ActiveCfg = Release|Any CPU
		{59A12B4A-A6D7-4769-AE83-6527E7B653E7}.Release|Any CPU.Build.0 = Release|Any CPU
		{59A12B4A-A6D7-4769-AE83-6527E7B653E7}.Release|ARM.ActiveCfg = Release|Any CPU
		{59A12B4A-A6D7-4769-AE83-6527E7B653E7}.Release|ARM.Build.0 = Release|Any CPU
		{59A12B4A-A6D7-4769-AE83-6527E7B653E7}.Release|ARM64.ActiveCfg = Release|Any CPU
		{59A12B4A-A6D7-4769-AE83-6527E7B653E7}.Release|ARM64.Build.0 = Release|Any CPU
		{59A12B4A-A6D7-4769-AE83-6527E7B653E7}.Release|x64.ActiveCfg = Release|Any CPU
		{59A12B4A-A6D7-4769-AE83-6527E7B653E7}.Release|x64.Build.0 = Release|Any CPU
		{59A12B4A-A6D7-4769-AE83-6527E7B653E7}.Release|x86.ActiveCfg = Release|Any CPU
		{59A12B4A-A6D7-4769-AE83-6527E7B653E7}.Release|x86.Build.0 = Release|Any CPU
		{C0C8B142-A9E6-43EA-9FC6-490FAF6B9970}.Debug|Any CPU.ActiveCfg = Debug|Any CPU
		{C0C8B142-A9E6-43EA-9FC6-490FAF6B9970}.Debug|Any CPU.Build.0 = Debug|Any CPU
		{C0C8B142-A9E6-43EA-9FC6-490FAF6B9970}.Debug|ARM.ActiveCfg = Debug|Any CPU
		{C0C8B142-A9E6-43EA-9FC6-490FAF6B9970}.Debug|ARM.Build.0 = Debug|Any CPU
		{C0C8B142-A9E6-43EA-9FC6-490FAF6B9970}.Debug|ARM64.ActiveCfg = Debug|Any CPU
		{C0C8B142-A9E6-43EA-9FC6-490FAF6B9970}.Debug|ARM64.Build.0 = Debug|Any CPU
		{C0C8B142-A9E6-43EA-9FC6-490FAF6B9970}.Debug|x64.ActiveCfg = Debug|Any CPU
		{C0C8B142-A9E6-43EA-9FC6-490FAF6B9970}.Debug|x64.Build.0 = Debug|Any CPU
		{C0C8B142-A9E6-43EA-9FC6-490FAF6B9970}.Debug|x86.ActiveCfg = Debug|Any CPU
		{C0C8B142-A9E6-43EA-9FC6-490FAF6B9970}.Debug|x86.Build.0 = Debug|Any CPU
		{C0C8B142-A9E6-43EA-9FC6-490FAF6B9970}.Release|Any CPU.ActiveCfg = Release|Any CPU
		{C0C8B142-A9E6-43EA-9FC6-490FAF6B9970}.Release|Any CPU.Build.0 = Release|Any CPU
		{C0C8B142-A9E6-43EA-9FC6-490FAF6B9970}.Release|ARM.ActiveCfg = Release|Any CPU
		{C0C8B142-A9E6-43EA-9FC6-490FAF6B9970}.Release|ARM.Build.0 = Release|Any CPU
		{C0C8B142-A9E6-43EA-9FC6-490FAF6B9970}.Release|ARM64.ActiveCfg = Release|Any CPU
		{C0C8B142-A9E6-43EA-9FC6-490FAF6B9970}.Release|ARM64.Build.0 = Release|Any CPU
		{C0C8B142-A9E6-43EA-9FC6-490FAF6B9970}.Release|x64.ActiveCfg = Release|Any CPU
		{C0C8B142-A9E6-43EA-9FC6-490FAF6B9970}.Release|x64.Build.0 = Release|Any CPU
		{C0C8B142-A9E6-43EA-9FC6-490FAF6B9970}.Release|x86.ActiveCfg = Release|Any CPU
		{C0C8B142-A9E6-43EA-9FC6-490FAF6B9970}.Release|x86.Build.0 = Release|Any CPU
		{AF34FFB9-FFE5-4761-A5E0-2B7335B35DF2}.Debug|Any CPU.ActiveCfg = Debug|Any CPU
		{AF34FFB9-FFE5-4761-A5E0-2B7335B35DF2}.Debug|Any CPU.Build.0 = Debug|Any CPU
		{AF34FFB9-FFE5-4761-A5E0-2B7335B35DF2}.Debug|ARM.ActiveCfg = Debug|Any CPU
		{AF34FFB9-FFE5-4761-A5E0-2B7335B35DF2}.Debug|ARM.Build.0 = Debug|Any CPU
		{AF34FFB9-FFE5-4761-A5E0-2B7335B35DF2}.Debug|ARM64.ActiveCfg = Debug|Any CPU
		{AF34FFB9-FFE5-4761-A5E0-2B7335B35DF2}.Debug|ARM64.Build.0 = Debug|Any CPU
		{AF34FFB9-FFE5-4761-A5E0-2B7335B35DF2}.Debug|x64.ActiveCfg = Debug|Any CPU
		{AF34FFB9-FFE5-4761-A5E0-2B7335B35DF2}.Debug|x64.Build.0 = Debug|Any CPU
		{AF34FFB9-FFE5-4761-A5E0-2B7335B35DF2}.Debug|x86.ActiveCfg = Debug|Any CPU
		{AF34FFB9-FFE5-4761-A5E0-2B7335B35DF2}.Debug|x86.Build.0 = Debug|Any CPU
		{AF34FFB9-FFE5-4761-A5E0-2B7335B35DF2}.Release|Any CPU.ActiveCfg = Release|Any CPU
		{AF34FFB9-FFE5-4761-A5E0-2B7335B35DF2}.Release|Any CPU.Build.0 = Release|Any CPU
		{AF34FFB9-FFE5-4761-A5E0-2B7335B35DF2}.Release|ARM.ActiveCfg = Release|Any CPU
		{AF34FFB9-FFE5-4761-A5E0-2B7335B35DF2}.Release|ARM.Build.0 = Release|Any CPU
		{AF34FFB9-FFE5-4761-A5E0-2B7335B35DF2}.Release|ARM64.ActiveCfg = Release|Any CPU
		{AF34FFB9-FFE5-4761-A5E0-2B7335B35DF2}.Release|ARM64.Build.0 = Release|Any CPU
		{AF34FFB9-FFE5-4761-A5E0-2B7335B35DF2}.Release|x64.ActiveCfg = Release|Any CPU
		{AF34FFB9-FFE5-4761-A5E0-2B7335B35DF2}.Release|x64.Build.0 = Release|Any CPU
		{AF34FFB9-FFE5-4761-A5E0-2B7335B35DF2}.Release|x86.ActiveCfg = Release|Any CPU
		{AF34FFB9-FFE5-4761-A5E0-2B7335B35DF2}.Release|x86.Build.0 = Release|Any CPU
		{4AA26272-4098-4606-9BEB-DD0D0D7D0D18}.Debug|Any CPU.ActiveCfg = Debug|Any CPU
		{4AA26272-4098-4606-9BEB-DD0D0D7D0D18}.Debug|Any CPU.Build.0 = Debug|Any CPU
		{4AA26272-4098-4606-9BEB-DD0D0D7D0D18}.Debug|ARM.ActiveCfg = Debug|Any CPU
		{4AA26272-4098-4606-9BEB-DD0D0D7D0D18}.Debug|ARM.Build.0 = Debug|Any CPU
		{4AA26272-4098-4606-9BEB-DD0D0D7D0D18}.Debug|ARM64.ActiveCfg = Debug|Any CPU
		{4AA26272-4098-4606-9BEB-DD0D0D7D0D18}.Debug|ARM64.Build.0 = Debug|Any CPU
		{4AA26272-4098-4606-9BEB-DD0D0D7D0D18}.Debug|x64.ActiveCfg = Debug|Any CPU
		{4AA26272-4098-4606-9BEB-DD0D0D7D0D18}.Debug|x64.Build.0 = Debug|Any CPU
		{4AA26272-4098-4606-9BEB-DD0D0D7D0D18}.Debug|x86.ActiveCfg = Debug|Any CPU
		{4AA26272-4098-4606-9BEB-DD0D0D7D0D18}.Debug|x86.Build.0 = Debug|Any CPU
		{4AA26272-4098-4606-9BEB-DD0D0D7D0D18}.Release|Any CPU.ActiveCfg = Release|Any CPU
		{4AA26272-4098-4606-9BEB-DD0D0D7D0D18}.Release|Any CPU.Build.0 = Release|Any CPU
		{4AA26272-4098-4606-9BEB-DD0D0D7D0D18}.Release|ARM.ActiveCfg = Release|Any CPU
		{4AA26272-4098-4606-9BEB-DD0D0D7D0D18}.Release|ARM.Build.0 = Release|Any CPU
		{4AA26272-4098-4606-9BEB-DD0D0D7D0D18}.Release|ARM64.ActiveCfg = Release|Any CPU
		{4AA26272-4098-4606-9BEB-DD0D0D7D0D18}.Release|ARM64.Build.0 = Release|Any CPU
		{4AA26272-4098-4606-9BEB-DD0D0D7D0D18}.Release|x64.ActiveCfg = Release|Any CPU
		{4AA26272-4098-4606-9BEB-DD0D0D7D0D18}.Release|x64.Build.0 = Release|Any CPU
		{4AA26272-4098-4606-9BEB-DD0D0D7D0D18}.Release|x86.ActiveCfg = Release|Any CPU
		{4AA26272-4098-4606-9BEB-DD0D0D7D0D18}.Release|x86.Build.0 = Release|Any CPU
		{8A8D9B6F-869B-42C3-B8A2-4646C3B27286}.Debug|Any CPU.ActiveCfg = Debug|Any CPU
		{8A8D9B6F-869B-42C3-B8A2-4646C3B27286}.Debug|Any CPU.Build.0 = Debug|Any CPU
		{8A8D9B6F-869B-42C3-B8A2-4646C3B27286}.Debug|ARM.ActiveCfg = Debug|Any CPU
		{8A8D9B6F-869B-42C3-B8A2-4646C3B27286}.Debug|ARM.Build.0 = Debug|Any CPU
		{8A8D9B6F-869B-42C3-B8A2-4646C3B27286}.Debug|ARM64.ActiveCfg = Debug|Any CPU
		{8A8D9B6F-869B-42C3-B8A2-4646C3B27286}.Debug|ARM64.Build.0 = Debug|Any CPU
		{8A8D9B6F-869B-42C3-B8A2-4646C3B27286}.Debug|x64.ActiveCfg = Debug|Any CPU
		{8A8D9B6F-869B-42C3-B8A2-4646C3B27286}.Debug|x64.Build.0 = Debug|Any CPU
		{8A8D9B6F-869B-42C3-B8A2-4646C3B27286}.Debug|x86.ActiveCfg = Debug|Any CPU
		{8A8D9B6F-869B-42C3-B8A2-4646C3B27286}.Debug|x86.Build.0 = Debug|Any CPU
		{8A8D9B6F-869B-42C3-B8A2-4646C3B27286}.Release|Any CPU.ActiveCfg = Release|Any CPU
		{8A8D9B6F-869B-42C3-B8A2-4646C3B27286}.Release|Any CPU.Build.0 = Release|Any CPU
		{8A8D9B6F-869B-42C3-B8A2-4646C3B27286}.Release|ARM.ActiveCfg = Release|Any CPU
		{8A8D9B6F-869B-42C3-B8A2-4646C3B27286}.Release|ARM.Build.0 = Release|Any CPU
		{8A8D9B6F-869B-42C3-B8A2-4646C3B27286}.Release|ARM64.ActiveCfg = Release|Any CPU
		{8A8D9B6F-869B-42C3-B8A2-4646C3B27286}.Release|ARM64.Build.0 = Release|Any CPU
		{8A8D9B6F-869B-42C3-B8A2-4646C3B27286}.Release|x64.ActiveCfg = Release|Any CPU
		{8A8D9B6F-869B-42C3-B8A2-4646C3B27286}.Release|x64.Build.0 = Release|Any CPU
		{8A8D9B6F-869B-42C3-B8A2-4646C3B27286}.Release|x86.ActiveCfg = Release|Any CPU
		{8A8D9B6F-869B-42C3-B8A2-4646C3B27286}.Release|x86.Build.0 = Release|Any CPU
	EndGlobalSection
	GlobalSection(SolutionProperties) = preSolution
		HideSolutionNode = FALSE
	EndGlobalSection
	GlobalSection(ExtensibilityGlobals) = postSolution
		SolutionGuid = {F508FDA0-494F-464C-83BD-4483B7F808C7}
	EndGlobalSection
EndGlobal
